// !$*UTF8*$!
{
	archiveVersion = 1;
	classes = {
	};
	objectVersion = 46;
	objects = {

/* Begin PBXBuildFile section */
		3B18B6F51B272A430014ACB0 /* AppDelegate.swift in Sources */ = {isa = PBXBuildFile; fileRef = 3B18B6F41B272A430014ACB0 /* AppDelegate.swift */; };
		3B18B6F71B272A430014ACB0 /* ViewController.swift in Sources */ = {isa = PBXBuildFile; fileRef = 3B18B6F61B272A430014ACB0 /* ViewController.swift */; };
		3B18B6FA1B272A430014ACB0 /* Main.storyboard in Resources */ = {isa = PBXBuildFile; fileRef = 3B18B6F81B272A430014ACB0 /* Main.storyboard */; };
		3B18B6FC1B272A430014ACB0 /* Images.xcassets in Resources */ = {isa = PBXBuildFile; fileRef = 3B18B6FB1B272A430014ACB0 /* Images.xcassets */; };
		3B18B6FF1B272A430014ACB0 /* LaunchScreen.xib in Resources */ = {isa = PBXBuildFile; fileRef = 3B18B6FD1B272A430014ACB0 /* LaunchScreen.xib */; };
		3B18B70B1B272A430014ACB0 /* TestSwiftRealmTests.swift in Sources */ = {isa = PBXBuildFile; fileRef = 3B18B70A1B272A430014ACB0 /* TestSwiftRealmTests.swift */; };
/* End PBXBuildFile section */

/* Begin PBXContainerItemProxy section */
		3B18B7051B272A430014ACB0 /* PBXContainerItemProxy */ = {
			isa = PBXContainerItemProxy;
			containerPortal = 3B18B6E71B272A430014ACB0 /* Project object */;
			proxyType = 1;
			remoteGlobalIDString = 3B18B6EE1B272A430014ACB0;
			remoteInfo = TestSwiftRealm;
		};
/* End PBXContainerItemProxy section */

/* Begin PBXFileReference section */
		3B18B6EF1B272A430014ACB0 /* TestSwiftRealm.app */ = {isa = PBXFileReference; explicitFileType = wrapper.application; includeInIndex = 0; path = TestSwiftRealm.app; sourceTree = BUILT_PRODUCTS_DIR; };
		3B18B6F31B272A430014ACB0 /* Info.plist */ = {isa = PBXFileReference; lastKnownFileType = text.plist.xml; path = Info.plist; sourceTree = "<group>"; };
		3B18B6F41B272A430014ACB0 /* AppDelegate.swift */ = {isa = PBXFileReference; lastKnownFileType = sourcecode.swift; path = AppDelegate.swift; sourceTree = "<group>"; };
		3B18B6F61B272A430014ACB0 /* ViewController.swift */ = {isa = PBXFileReference; lastKnownFileType = sourcecode.swift; path = ViewController.swift; sourceTree = "<group>"; };
		3B18B6F91B272A430014ACB0 /* Base */ = {isa = PBXFileReference; lastKnownFileType = file.storyboard; name = Base; path = Base.lproj/Main.storyboard; sourceTree = "<group>"; };
		3B18B6FB1B272A430014ACB0 /* Images.xcassets */ = {isa = PBXFileReference; lastKnownFileType = folder.assetcatalog; path = Images.xcassets; sourceTree = "<group>"; };
		3B18B6FE1B272A430014ACB0 /* Base */ = {isa = PBXFileReference; lastKnownFileType = file.xib; name = Base; path = Base.lproj/LaunchScreen.xib; sourceTree = "<group>"; };
		3B18B7041B272A430014ACB0 /* TestSwiftRealmTests.xctest */ = {isa = PBXFileReference; explicitFileType = wrapper.cfbundle; includeInIndex = 0; path = TestSwiftRealmTests.xctest; sourceTree = BUILT_PRODUCTS_DIR; };
		3B18B7091B272A430014ACB0 /* Info.plist */ = {isa = PBXFileReference; lastKnownFileType = text.plist.xml; path = Info.plist; sourceTree = "<group>"; };
		3B18B70A1B272A430014ACB0 /* TestSwiftRealmTests.swift */ = {isa = PBXFileReference; lastKnownFileType = sourcecode.swift; path = TestSwiftRealmTests.swift; sourceTree = "<group>"; };
/* End PBXFileReference section */

/* Begin PBXFrameworksBuildPhase section */
		3B18B6EC1B272A430014ACB0 /* Frameworks */ = {
			isa = PBXFrameworksBuildPhase;
			buildActionMask = 2147483647;
			files = (
			);
			runOnlyForDeploymentPostprocessing = 0;
		};
		3B18B7011B272A430014ACB0 /* Frameworks */ = {
			isa = PBXFrameworksBuildPhase;
			buildActionMask = 2147483647;
			files = (
			);
			runOnlyForDeploymentPostprocessing = 0;
		};
/* End PBXFrameworksBuildPhase section */

/* Begin PBXGroup section */
		3B18B6E61B272A430014ACB0 = {
			isa = PBXGroup;
			children = (
				3B18B6F11B272A430014ACB0 /* TestSwiftRealm */,
				3B18B7071B272A430014ACB0 /* TestSwiftRealmTests */,
				3B18B6F01B272A430014ACB0 /* Products */,
			);
			sourceTree = "<group>";
		};
		3B18B6F01B272A430014ACB0 /* Products */ = {
			isa = PBXGroup;
			children = (
				3B18B6EF1B272A430014ACB0 /* TestSwiftRealm.app */,
				3B18B7041B272A430014ACB0 /* TestSwiftRealmTests.xctest */,
			);
			name = Products;
			sourceTree = "<group>";
		};
		3B18B6F11B272A430014ACB0 /* TestSwiftRealm */ = {
			isa = PBXGroup;
			children = (
				3B18B6F41B272A430014ACB0 /* AppDelegate.swift */,
				3B18B6F61B272A430014ACB0 /* ViewController.swift */,
				3B18B6F81B272A430014ACB0 /* Main.storyboard */,
				3B18B6FB1B272A430014ACB0 /* Images.xcassets */,
				3B18B6FD1B272A430014ACB0 /* LaunchScreen.xib */,
				3B18B6F21B272A430014ACB0 /* Supporting Files */,
			);
			path = TestSwiftRealm;
			sourceTree = "<group>";
		};
		3B18B6F21B272A430014ACB0 /* Supporting Files */ = {
			isa = PBXGroup;
			children = (
				3B18B6F31B272A430014ACB0 /* Info.plist */,
			);
			name = "Supporting Files";
			sourceTree = "<group>";
		};
		3B18B7071B272A430014ACB0 /* TestSwiftRealmTests */ = {
			isa = PBXGroup;
			children = (
				3B18B70A1B272A430014ACB0 /* TestSwiftRealmTests.swift */,
				3B18B7081B272A430014ACB0 /* Supporting Files */,
			);
			path = TestSwiftRealmTests;
			sourceTree = "<group>";
		};
		3B18B7081B272A430014ACB0 /* Supporting Files */ = {
			isa = PBXGroup;
			children = (
				3B18B7091B272A430014ACB0 /* Info.plist */,
			);
			name = "Supporting Files";
			sourceTree = "<group>";
		};
/* End PBXGroup section */

/* Begin PBXNativeTarget section */
		3B18B6EE1B272A430014ACB0 /* TestSwiftRealm */ = {
			isa = PBXNativeTarget;
			buildConfigurationList = 3B18B70E1B272A430014ACB0 /* Build configuration list for PBXNativeTarget "TestSwiftRealm" */;
			buildPhases = (
				3B18B6EB1B272A430014ACB0 /* Sources */,
				3B18B6EC1B272A430014ACB0 /* Frameworks */,
				3B18B6ED1B272A430014ACB0 /* Resources */,
			);
			buildRules = (
			);
			dependencies = (
			);
			name = TestSwiftRealm;
			productName = TestSwiftRealm;
			productReference = 3B18B6EF1B272A430014ACB0 /* TestSwiftRealm.app */;
			productType = "com.apple.product-type.application";
		};
		3B18B7031B272A430014ACB0 /* TestSwiftRealmTests */ = {
			isa = PBXNativeTarget;
			buildConfigurationList = 3B18B7111B272A430014ACB0 /* Build configuration list for PBXNativeTarget "TestSwiftRealmTests" */;
			buildPhases = (
				3B18B7001B272A430014ACB0 /* Sources */,
				3B18B7011B272A430014ACB0 /* Frameworks */,
				3B18B7021B272A430014ACB0 /* Resources */,
			);
			buildRules = (
			);
			dependencies = (
				3B18B7061B272A430014ACB0 /* PBXTargetDependency */,
			);
			name = TestSwiftRealmTests;
			productName = TestSwiftRealmTests;
			productReference = 3B18B7041B272A430014ACB0 /* TestSwiftRealmTests.xctest */;
			productType = "com.apple.product-type.bundle.unit-test";
		};
/* End PBXNativeTarget section */

/* Begin PBXProject section */
		3B18B6E71B272A430014ACB0 /* Project object */ = {
			isa = PBXProject;
			attributes = {
				LastUpgradeCheck = 0630;
				ORGANIZATIONNAME = ayo1103;
				TargetAttributes = {
					3B18B6EE1B272A430014ACB0 = {
						CreatedOnToolsVersion = 6.3.2;
					};
					3B18B7031B272A430014ACB0 = {
						CreatedOnToolsVersion = 6.3.2;
						TestTargetID = 3B18B6EE1B272A430014ACB0;
					};
				};
			};
			buildConfigurationList = 3B18B6EA1B272A430014ACB0 /* Build configuration list for PBXProject "TestSwiftRealm" */;
			compatibilityVersion = "Xcode 3.2";
			developmentRegion = English;
			hasScannedForEncodings = 0;
			knownRegions = (
				en,
				Base,
			);
			mainGroup = 3B18B6E61B272A430014ACB0;
			productRefGroup = 3B18B6F01B272A430014ACB0 /* Products */;
			projectDirPath = "";
			projectRoot = "";
			targets = (
				3B18B6EE1B272A430014ACB0 /* TestSwiftRealm */,
				3B18B7031B272A430014ACB0 /* TestSwiftRealmTests */,
			);
		};
/* End PBXProject section */

/* Begin PBXResourcesBuildPhase section */
		3B18B6ED1B272A430014ACB0 /* Resources */ = {
			isa = PBXResourcesBuildPhase;
			buildActionMask = 2147483647;
			files = (
				3B18B6FA1B272A430014ACB0 /* Main.storyboard in Resources */,
				3B18B6FF1B272A430014ACB0 /* LaunchScreen.xib in Resources */,
				3B18B6FC1B272A430014ACB0 /* Images.xcassets in Resources */,
			);
			runOnlyForDeploymentPostprocessing = 0;
		};
		3B18B7021B272A430014ACB0 /* Resources */ = {
			isa = PBXResourcesBuildPhase;
			buildActionMask = 2147483647;
			files = (
			);
			runOnlyForDeploymentPostprocessing = 0;
		};
/* End PBXResourcesBuildPhase section */

/* Begin PBXSourcesBuildPhase section */
		3B18B6EB1B272A430014ACB0 /* Sources */ = {
			isa = PBXSourcesBuildPhase;
			buildActionMask = 2147483647;
			files = (
				3B18B6F71B272A430014ACB0 /* ViewController.swift in Sources */,
				3B18B6F51B272A430014ACB0 /* AppDelegate.swift in Sources */,
			);
			runOnlyForDeploymentPostprocessing = 0;
		};
		3B18B7001B272A430014ACB0 /* Sources */ = {
			isa = PBXSourcesBuildPhase;
			buildActionMask = 2147483647;
			files = (
				3B18B70B1B272A430014ACB0 /* TestSwiftRealmTests.swift in Sources */,
			);
			runOnlyForDeploymentPostprocessing = 0;
		};
/* End PBXSourcesBuildPhase section */

/* Begin PBXTargetDependency section */
		3B18B7061B272A430014ACB0 /* PBXTargetDependency */ = {
			isa = PBXTargetDependency;
			target = 3B18B6EE1B272A430014ACB0 /* TestSwiftRealm */;
			targetProxy = 3B18B7051B272A430014ACB0 /* PBXContainerItemProxy */;
		};
/* End PBXTargetDependency section */

/* Begin PBXVariantGroup section */
		3B18B6F81B272A430014ACB0 /* Main.storyboard */ = {
			isa = PBXVariantGroup;
			children = (
				3B18B6F91B272A430014ACB0 /* Base */,
			);
			name = Main.storyboard;
			sourceTree = "<group>";
		};
		3B18B6FD1B272A430014ACB0 /* LaunchScreen.xib */ = {
			isa = PBXVariantGroup;
			children = (
				3B18B6FE1B272A430014ACB0 /* Base */,
			);
			name = LaunchScreen.xib;
			sourceTree = "<group>";
		};
/* End PBXVariantGroup section */

/* Begin XCBuildConfiguration section */
		3B18B70C1B272A430014ACB0 /* Debug */ = {
			isa = XCBuildConfiguration;
			buildSettings = {
				ALWAYS_SEARCH_USER_PATHS = NO;
				CLANG_CXX_LANGUAGE_STANDARD = "gnu++0x";
				CLANG_CXX_LIBRARY = "libc++";
				CLANG_ENABLE_MODULES = YES;
				CLANG_ENABLE_OBJC_ARC = YES;
				CLANG_WARN_BOOL_CONVERSION = YES;
				CLANG_WARN_CONSTANT_CONVERSION = YES;
				CLANG_WARN_DIRECT_OBJC_ISA_USAGE = YES_ERROR;
				CLANG_WARN_EMPTY_BODY = YES;
				CLANG_WARN_ENUM_CONVERSION = YES;
				CLANG_WARN_INT_CONVERSION = YES;
				CLANG_WARN_OBJC_ROOT_CLASS = YES_ERROR;
				CLANG_WARN_UNREACHABLE_CODE = YES;
				CLANG_WARN__DUPLICATE_METHOD_MATCH = YES;
				"CODE_SIGN_IDENTITY[sdk=iphoneos*]" = "iPhone Developer";
				COPY_PHASE_STRIP = NO;
				DEBUG_INFORMATION_FORMAT = "dwarf-with-dsym";
				ENABLE_STRICT_OBJC_MSGSEND = YES;
				GCC_C_LANGUAGE_STANDARD = gnu99;
				GCC_DYNAMIC_NO_PIC = NO;
				GCC_NO_COMMON_BLOCKS = YES;
				GCC_OPTIMIZATION_LEVEL = 0;
				GCC_PREPROCESSOR_DEFINITIONS = (
					"DEBUG=1",
					"$(inherited)",
				);
				GCC_SYMBOLS_PRIVATE_EXTERN = NO;
				GCC_WARN_64_TO_32_BIT_CONVERSION = YES;
				GCC_WARN_ABOUT_RETURN_TYPE = YES_ERROR;
				GCC_WARN_UNDECLARED_SELECTOR = YES;
				GCC_WARN_UNINITIALIZED_AUTOS = YES_AGGRESSIVE;
				GCC_WARN_UNUSED_FUNCTION = YES;
				GCC_WARN_UNUSED_VARIABLE = YES;
				IPHONEOS_DEPLOYMENT_TARGET = 8.3;
				MTL_ENABLE_DEBUG_INFO = YES;
				ONLY_ACTIVE_ARCH = YES;
				SDKROOT = iphoneos;
				SWIFT_OPTIMIZATION_LEVEL = "-Onone";
			};
			name = Debug;
		};
		3B18B70D1B272A430014ACB0 /* Release */ = {
			isa = XCBuildConfiguration;
			buildSettings = {
				ALWAYS_SEARCH_USER_PATHS = NO;
				CLANG_CXX_LANGUAGE_STANDARD = "gnu++0x";
				CLANG_CXX_LIBRARY = "libc++";
				CLANG_ENABLE_MODULES = YES;
				CLANG_ENABLE_OBJC_ARC = YES;
				CLANG_WARN_BOOL_CONVERSION = YES;
				CLANG_WARN_CONSTANT_CONVERSION = YES;
				CLANG_WARN_DIRECT_OBJC_ISA_USAGE = YES_ERROR;
				CLANG_WARN_EMPTY_BODY = YES;
				CLANG_WARN_ENUM_CONVERSION = YES;
				CLANG_WARN_INT_CONVERSION = YES;
				CLANG_WARN_OBJC_ROOT_CLASS = YES_ERROR;
				CLANG_WARN_UNREACHABLE_CODE = YES;
				CLANG_WARN__DUPLICATE_METHOD_MATCH = YES;
				"CODE_SIGN_IDENTITY[sdk=iphoneos*]" = "iPhone Developer";
				COPY_PHASE_STRIP = NO;
				DEBUG_INFORMATION_FORMAT = "dwarf-with-dsym";
				ENABLE_NS_ASSERTIONS = NO;
				ENABLE_STRICT_OBJC_MSGSEND = YES;
				GCC_C_LANGUAGE_STANDARD = gnu99;
				GCC_NO_COMMON_BLOCKS = YES;
				GCC_WARN_64_TO_32_BIT_CONVERSION = YES;
				GCC_WARN_ABOUT_RETURN_TYPE = YES_ERROR;
				GCC_WARN_UNDECLARED_SELECTOR = YES;
				GCC_WARN_UNINITIALIZED_AUTOS = YES_AGGRESSIVE;
				GCC_WARN_UNUSED_FUNCTION = YES;
				GCC_WARN_UNUSED_VARIABLE = YES;
				IPHONEOS_DEPLOYMENT_TARGET = 8.3;
				MTL_ENABLE_DEBUG_INFO = NO;
				SDKROOT = iphoneos;
				VALIDATE_PRODUCT = YES;
			};
			name = Release;
		};
		3B18B70F1B272A430014ACB0 /* Debug */ = {
			isa = XCBuildConfiguration;
			buildSettings = {
				ASSETCATALOG_COMPILER_APPICON_NAME = AppIcon;
				INFOPLIST_FILE = TestSwiftRealm/Info.plist;
				LD_RUNPATH_SEARCH_PATHS = "$(inherited) @executable_path/Frameworks";
				PRODUCT_NAME = "$(TARGET_NAME)";
			};
			name = Debug;
		};
		3B18B7101B272A430014ACB0 /* Release */ = {
			isa = XCBuildConfiguration;
			buildSettings = {
				ASSETCATALOG_COMPILER_APPICON_NAME = AppIcon;
				INFOPLIST_FILE = TestSwiftRealm/Info.plist;
				LD_RUNPATH_SEARCH_PATHS = "$(inherited) @executable_path/Frameworks";
				PRODUCT_NAME = "$(TARGET_NAME)";
			};
			name = Release;
		};
		3B18B7121B272A430014ACB0 /* Debug */ = {
			isa = XCBuildConfiguration;
			buildSettings = {
				BUNDLE_LOADER = "$(TEST_HOST)";
				FRAMEWORK_SEARCH_PATHS = (
					"$(SDKROOT)/Developer/Library/Frameworks",
					"$(inherited)",
				);
				GCC_PREPROCESSOR_DEFINITIONS = (
					"DEBUG=1",
					"$(inherited)",
				);
				INFOPLIST_FILE = TestSwiftRealmTests/Info.plist;
				LD_RUNPATH_SEARCH_PATHS = "$(inherited) @executable_path/Frameworks @loader_path/Frameworks";
				PRODUCT_NAME = "$(TARGET_NAME)";
				TEST_HOST = "$(BUILT_PRODUCTS_DIR)/TestSwiftRealm.app/TestSwiftRealm";
			};
			name = Debug;
		};
		3B18B7131B272A430014ACB0 /* Release */ = {
			isa = XCBuildConfiguration;
			buildSettings = {
				BUNDLE_LOADER = "$(TEST_HOST)";
				FRAMEWORK_SEARCH_PATHS = (
					"$(SDKROOT)/Developer/Library/Frameworks",
					"$(inherited)",
				);
				INFOPLIST_FILE = TestSwiftRealmTests/Info.plist;
				LD_RUNPATH_SEARCH_PATHS = "$(inherited) @executable_path/Frameworks @loader_path/Frameworks";
				PRODUCT_NAME = "$(TARGET_NAME)";
				TEST_HOST = "$(BUILT_PRODUCTS_DIR)/TestSwiftRealm.app/TestSwiftRealm";
			};
			name = Release;
		};
/* End XCBuildConfiguration section */

/* Begin XCConfigurationList section */
		3B18B6EA1B272A430014ACB0 /* Build configuration list for PBXProject "TestSwiftRealm" */ = {
			isa = XCConfigurationList;
			buildConfigurations = (
				3B18B70C1B272A430014ACB0 /* Debug */,
				3B18B70D1B272A430014ACB0 /* Release */,
			);
			defaultConfigurationIsVisible = 0;
			defaultConfigurationName = Release;
		};
		3B18B70E1B272A430014ACB0 /* Build configuration list for PBXNativeTarget "TestSwiftRealm" */ = {
			isa = XCConfigurationList;
			buildConfigurations = (
				3B18B70F1B272A430014ACB0 /* Debug */,
				3B18B7101B272A430014ACB0 /* Release */,
			);
			defaultConfigurationIsVisible = 0;
		};
		3B18B7111B272A430014ACB0 /* Build configuration list for PBXNativeTarget "TestSwiftRealmTests" */ = {
			isa = XCConfigurationList;
			buildConfigurations = (
				3B18B7121B272A430014ACB0 /* Debug */,
				3B18B7131B272A430014ACB0 /* Release */,
			);
			defaultConfigurationIsVisible = 0;
		};
/* End XCConfigurationList section */
	};
	rootObject = 3B18B6E71B272A430014ACB0 /* Project object */;
}
